
Microsoft Visual Studio Solution File, Format Version 12.00
# Visual Studio 15
VisualStudioVersion = 15.0.27130.2010
MinimumVisualStudioVersion = 10.0.40219.1
Project("{FAE04EC0-301F-11D3-BF4B-00C04F79EFBC}") = "Freshmvvm.Android", "Freshmvvm\Freshmvvm.Android\Freshmvvm.Android.csproj", "{AC5F5187-7D66-43F8-AFBF-D73905C02451}"
EndProject
Project("{FAE04EC0-301F-11D3-BF4B-00C04F79EFBC}") = "Freshmvvm.iOS", "Freshmvvm\Freshmvvm.iOS\Freshmvvm.iOS.csproj", "{63C27A91-BA6E-41AD-BA07-5AE9B97E6C0D}"
EndProject
Project("{FAE04EC0-301F-11D3-BF4B-00C04F79EFBC}") = "Freshmvvm.UWP", "Freshmvvm\Freshmvvm.UWP\Freshmvvm.UWP.csproj", "{C56A97B4-15A8-4C01-8E4F-ADCE0283D839}"
EndProject
Project("{D954291E-2A0B-460D-934E-DC6B0785DB48}") = "Freshmvvm", "Freshmvvm\Freshmvvm\Freshmvvm.shproj", "{8F523E2F-40CC-40C1-85C7-A60EC50DF931}"
EndProject
Global
	GlobalSection(SharedMSBuildProjectFiles) = preSolution
		Freshmvvm\Freshmvvm\Freshmvvm.projitems*{63c27a91-ba6e-41ad-ba07-5ae9b97e6c0d}*SharedItemsImports = 4
		Freshmvvm\Freshmvvm\Freshmvvm.projitems*{8f523e2f-40cc-40c1-85c7-a60ec50df931}*SharedItemsImports = 13
		Freshmvvm\Freshmvvm\Freshmvvm.projitems*{ac5f5187-7d66-43f8-afbf-d73905c02451}*SharedItemsImports = 4
		Freshmvvm\Freshmvvm\Freshmvvm.projitems*{c56a97b4-15a8-4c01-8e4f-adce0283d839}*SharedItemsImports = 4
	EndGlobalSection
	GlobalSection(SolutionConfigurationPlatforms) = preSolution
		Ad-Hoc|Any CPU = Ad-Hoc|Any CPU
		Ad-Hoc|ARM = Ad-Hoc|ARM
		Ad-Hoc|iPhone = Ad-Hoc|iPhone
		Ad-Hoc|iPhoneSimulator = Ad-Hoc|iPhoneSimulator
		Ad-Hoc|x64 = Ad-Hoc|x64
		Ad-Hoc|x86 = Ad-Hoc|x86
		AppStore|Any CPU = AppStore|Any CPU
		AppStore|ARM = AppStore|ARM
		AppStore|iPhone = AppStore|iPhone
		AppStore|iPhoneSimulator = AppStore|iPhoneSimulator
		AppStore|x64 = AppStore|x64
		AppStore|x86 = AppStore|x86
		Debug|Any CPU = Debug|Any CPU
		Debug|ARM = Debug|ARM
		Debug|iPhone = Debug|iPhone
		Debug|iPhoneSimulator = Debug|iPhoneSimulator
		Debug|x64 = Debug|x64
		Debug|x86 = Debug|x86
		Release|Any CPU = Release|Any CPU
		Release|ARM = Release|ARM
		Release|iPhone = Release|iPhone
		Release|iPhoneSimulator = Release|iPhoneSimulator
		Release|x64 = Release|x64
		Release|x86 = Release|x86
	EndGlobalSection
	GlobalSection(ProjectConfigurationPlatforms) = postSolution
		{AC5F5187-7D66-43F8-AFBF-D73905C02451}.Ad-Hoc|Any CPU.ActiveCfg = Release|Any CPU
		{AC5F5187-7D66-43F8-AFBF-D73905C02451}.Ad-Hoc|Any CPU.Build.0 = Release|Any CPU
		{AC5F5187-7D66-43F8-AFBF-D73905C02451}.Ad-Hoc|Any CPU.Deploy.0 = Release|Any CPU
		{AC5F5187-7D66-43F8-AFBF-D73905C02451}.Ad-Hoc|ARM.ActiveCfg = Release|Any CPU
		{AC5F5187-7D66-43F8-AFBF-D73905C02451}.Ad-Hoc|ARM.Build.0 = Release|Any CPU
		{AC5F5187-7D66-43F8-AFBF-D73905C02451}.Ad-Hoc|ARM.Deploy.0 = Release|Any CPU
		{AC5F5187-7D66-43F8-AFBF-D73905C02451}.Ad-Hoc|iPhone.ActiveCfg = Release|Any CPU
		{AC5F5187-7D66-43F8-AFBF-D73905C02451}.Ad-Hoc|iPhone.Build.0 = Release|Any CPU
		{AC5F5187-7D66-43F8-AFBF-D73905C02451}.Ad-Hoc|iPhone.Deploy.0 = Release|Any CPU
		{AC5F5187-7D66-43F8-AFBF-D73905C02451}.Ad-Hoc|iPhoneSimulator.ActiveCfg = Release|Any CPU
		{AC5F5187-7D66-43F8-AFBF-D73905C02451}.Ad-Hoc|iPhoneSimulator.Build.0 = Release|Any CPU
		{AC5F5187-7D66-43F8-AFBF-D73905C02451}.Ad-Hoc|iPhoneSimulator.Deploy.0 = Release|Any CPU
		{AC5F5187-7D66-43F8-AFBF-D73905C02451}.Ad-Hoc|x64.ActiveCfg = Release|Any CPU
		{AC5F5187-7D66-43F8-AFBF-D73905C02451}.Ad-Hoc|x64.Build.0 = Release|Any CPU
		{AC5F5187-7D66-43F8-AFBF-D73905C02451}.Ad-Hoc|x64.Deploy.0 = Release|Any CPU
		{AC5F5187-7D66-43F8-AFBF-D73905C02451}.Ad-Hoc|x86.ActiveCfg = Release|Any CPU
		{AC5F5187-7D66-43F8-AFBF-D73905C02451}.Ad-Hoc|x86.Build.0 = Release|Any CPU
		{AC5F5187-7D66-43F8-AFBF-D73905C02451}.Ad-Hoc|x86.Deploy.0 = Release|Any CPU
		{AC5F5187-7D66-43F8-AFBF-D73905C02451}.AppStore|Any CPU.ActiveCfg = Release|Any CPU
		{AC5F5187-7D66-43F8-AFBF-D73905C02451}.AppStore|Any CPU.Build.0 = Release|Any CPU
		{AC5F5187-7D66-43F8-AFBF-D73905C02451}.AppStore|Any CPU.Deploy.0 = Release|Any CPU
		{AC5F5187-7D66-43F8-AFBF-D73905C02451}.AppStore|ARM.ActiveCfg = Release|Any CPU
		{AC5F5187-7D66-43F8-AFBF-D73905C02451}.AppStore|ARM.Build.0 = Release|Any CPU
		{AC5F5187-7D66-43F8-AFBF-D73905C02451}.AppStore|ARM.Deploy.0 = Release|Any CPU
		{AC5F5187-7D66-43F8-AFBF-D73905C02451}.AppStore|iPhone.ActiveCfg = Release|Any CPU
		{AC5F5187-7D66-43F8-AFBF-D73905C02451}.AppStore|iPhone.Build.0 = Release|Any CPU
		{AC5F5187-7D66-43F8-AFBF-D73905C02451}.AppStore|iPhone.Deploy.0 = Release|Any CPU
		{AC5F5187-7D66-43F8-AFBF-D73905C02451}.AppStore|iPhoneSimulator.ActiveCfg = Release|Any CPU
		{AC5F5187-7D66-43F8-AFBF-D73905C02451}.AppStore|iPhoneSimulator.Build.0 = Release|Any CPU
		{AC5F5187-7D66-43F8-AFBF-D73905C02451}.AppStore|iPhoneSimulator.Deploy.0 = Release|Any CPU
		{AC5F5187-7D66-43F8-AFBF-D73905C02451}.AppStore|x64.ActiveCfg = Release|Any CPU
		{AC5F5187-7D66-43F8-AFBF-D73905C02451}.AppStore|x64.Build.0 = Release|Any CPU
		{AC5F5187-7D66-43F8-AFBF-D73905C02451}.AppStore|x64.Deploy.0 = Release|Any CPU
		{AC5F5187-7D66-43F8-AFBF-D73905C02451}.AppStore|x86.ActiveCfg = Release|Any CPU
		{AC5F5187-7D66-43F8-AFBF-D73905C02451}.AppStore|x86.Build.0 = Release|Any CPU
		{AC5F5187-7D66-43F8-AFBF-D73905C02451}.AppStore|x86.Deploy.0 = Release|Any CPU
		{AC5F5187-7D66-43F8-AFBF-D73905C02451}.Debug|Any CPU.ActiveCfg = Debug|Any CPU
		{AC5F5187-7D66-43F8-AFBF-D73905C02451}.Debug|Any CPU.Build.0 = Debug|Any CPU
		{AC5F5187-7D66-43F8-AFBF-D73905C02451}.Debug|Any CPU.Deploy.0 = Debug|Any CPU
		{AC5F5187-7D66-43F8-AFBF-D73905C02451}.Debug|ARM.ActiveCfg = Debug|Any CPU
		{AC5F5187-7D66-43F8-AFBF-D73905C02451}.Debug|ARM.Build.0 = Debug|Any CPU
		{AC5F5187-7D66-43F8-AFBF-D73905C02451}.Debug|ARM.Deploy.0 = Debug|Any CPU
		{AC5F5187-7D66-43F8-AFBF-D73905C02451}.Debug|iPhone.ActiveCfg = Debug|Any CPU
		{AC5F5187-7D66-43F8-AFBF-D73905C02451}.Debug|iPhone.Build.0 = Debug|Any CPU
		{AC5F5187-7D66-43F8-AFBF-D73905C02451}.Debug|iPhone.Deploy.0 = Debug|Any CPU
		{AC5F5187-7D66-43F8-AFBF-D73905C02451}.Debug|iPhoneSimulator.ActiveCfg = Debug|Any CPU
		{AC5F5187-7D66-43F8-AFBF-D73905C02451}.Debug|iPhoneSimulator.Build.0 = Debug|Any CPU
		{AC5F5187-7D66-43F8-AFBF-D73905C02451}.Debug|iPhoneSimulator.Deploy.0 = Debug|Any CPU
		{AC5F5187-7D66-43F8-AFBF-D73905C02451}.Debug|x64.ActiveCfg = Debug|Any CPU
		{AC5F5187-7D66-43F8-AFBF-D73905C02451}.Debug|x64.Build.0 = Debug|Any CPU
		{AC5F5187-7D66-43F8-AFBF-D73905C02451}.Debug|x64.Deploy.0 = Debug|Any CPU
		{AC5F5187-7D66-43F8-AFBF-D73905C02451}.Debug|x86.ActiveCfg = Debug|Any CPU
		{AC5F5187-7D66-43F8-AFBF-D73905C02451}.Debug|x86.Build.0 = Debug|Any CPU
		{AC5F5187-7D66-43F8-AFBF-D73905C02451}.Debug|x86.Deploy.0 = Debug|Any CPU
		{AC5F5187-7D66-43F8-AFBF-D73905C02451}.Release|Any CPU.ActiveCfg = Release|Any CPU
		{AC5F5187-7D66-43F8-AFBF-D73905C02451}.Release|Any CPU.Build.0 = Release|Any CPU
		{AC5F5187-7D66-43F8-AFBF-D73905C02451}.Release|Any CPU.Deploy.0 = Release|Any CPU
		{AC5F5187-7D66-43F8-AFBF-D73905C02451}.Release|ARM.ActiveCfg = Release|Any CPU
		{AC5F5187-7D66-43F8-AFBF-D73905C02451}.Release|ARM.Build.0 = Release|Any CPU
		{AC5F5187-7D66-43F8-AFBF-D73905C02451}.Release|ARM.Deploy.0 = Release|Any CPU
		{AC5F5187-7D66-43F8-AFBF-D73905C02451}.Release|iPhone.ActiveCfg = Release|Any CPU
		{AC5F5187-7D66-43F8-AFBF-D73905C02451}.Release|iPhone.Build.0 = Release|Any CPU
		{AC5F5187-7D66-43F8-AFBF-D73905C02451}.Release|iPhone.Deploy.0 = Release|Any CPU
		{AC5F5187-7D66-43F8-AFBF-D73905C02451}.Release|iPhoneSimulator.ActiveCfg = Release|Any CPU
		{AC5F5187-7D66-43F8-AFBF-D73905C02451}.Release|iPhoneSimulator.Build.0 = Release|Any CPU
		{AC5F5187-7D66-43F8-AFBF-D73905C02451}.Release|iPhoneSimulator.Deploy.0 = Release|Any CPU
		{AC5F5187-7D66-43F8-AFBF-D73905C02451}.Release|x64.ActiveCfg = Release|Any CPU
		{AC5F5187-7D66-43F8-AFBF-D73905C02451}.Release|x64.Build.0 = Release|Any CPU
		{AC5F5187-7D66-43F8-AFBF-D73905C02451}.Release|x64.Deploy.0 = Release|Any CPU
		{AC5F5187-7D66-43F8-AFBF-D73905C02451}.Release|x86.ActiveCfg = Release|Any CPU
		{AC5F5187-7D66-43F8-AFBF-D73905C02451}.Release|x86.Build.0 = Release|Any CPU
		{AC5F5187-7D66-43F8-AFBF-D73905C02451}.Release|x86.Deploy.0 = Release|Any CPU
		{63C27A91-BA6E-41AD-BA07-5AE9B97E6C0D}.Ad-Hoc|Any CPU.ActiveCfg = Ad-Hoc|iPhone
		{63C27A91-BA6E-41AD-BA07-5AE9B97E6C0D}.Ad-Hoc|ARM.ActiveCfg = Ad-Hoc|iPhone
		{63C27A91-BA6E-41AD-BA07-5AE9B97E6C0D}.Ad-Hoc|iPhone.ActiveCfg = Ad-Hoc|iPhone
		{63C27A91-BA6E-41AD-BA07-5AE9B97E6C0D}.Ad-Hoc|iPhone.Build.0 = Ad-Hoc|iPhone
		{63C27A91-BA6E-41AD-BA07-5AE9B97E6C0D}.Ad-Hoc|iPhoneSimulator.ActiveCfg = Ad-Hoc|iPhoneSimulator
		{63C27A91-BA6E-41AD-BA07-5AE9B97E6C0D}.Ad-Hoc|iPhoneSimulator.Build.0 = Ad-Hoc|iPhoneSimulator
		{63C27A91-BA6E-41AD-BA07-5AE9B97E6C0D}.Ad-Hoc|x64.ActiveCfg = Ad-Hoc|iPhone
		{63C27A91-BA6E-41AD-BA07-5AE9B97E6C0D}.Ad-Hoc|x86.ActiveCfg = Ad-Hoc|iPhone
		{63C27A91-BA6E-41AD-BA07-5AE9B97E6C0D}.AppStore|Any CPU.ActiveCfg = AppStore|iPhone
		{63C27A91-BA6E-41AD-BA07-5AE9B97E6C0D}.AppStore|ARM.ActiveCfg = AppStore|iPhone
		{63C27A91-BA6E-41AD-BA07-5AE9B97E6C0D}.AppStore|iPhone.ActiveCfg = AppStore|iPhone
		{63C27A91-BA6E-41AD-BA07-5AE9B97E6C0D}.AppStore|iPhone.Build.0 = AppStore|iPhone
		{63C27A91-BA6E-41AD-BA07-5AE9B97E6C0D}.AppStore|iPhoneSimulator.ActiveCfg = AppStore|iPhoneSimulator
		{63C27A91-BA6E-41AD-BA07-5AE9B97E6C0D}.AppStore|iPhoneSimulator.Build.0 = AppStore|iPhoneSimulator
		{63C27A91-BA6E-41AD-BA07-5AE9B97E6C0D}.AppStore|x64.ActiveCfg = AppStore|iPhone
		{63C27A91-BA6E-41AD-BA07-5AE9B97E6C0D}.AppStore|x86.ActiveCfg = AppStore|iPhone
		{63C27A91-BA6E-41AD-BA07-5AE9B97E6C0D}.Debug|Any CPU.ActiveCfg = Debug|iPhoneSimulator
		{63C27A91-BA6E-41AD-BA07-5AE9B97E6C0D}.Debug|Any CPU.Build.0 = Debug|iPhoneSimulator
		{63C27A91-BA6E-41AD-BA07-5AE9B97E6C0D}.Debug|ARM.ActiveCfg = Debug|iPhone
		{63C27A91-BA6E-41AD-BA07-5AE9B97E6C0D}.Debug|iPhone.ActiveCfg = Debug|iPhone
		{63C27A91-BA6E-41AD-BA07-5AE9B97E6C0D}.Debug|iPhone.Build.0 = Debug|iPhone
		{63C27A91-BA6E-41AD-BA07-5AE9B97E6C0D}.Debug|iPhoneSimulator.ActiveCfg = Debug|iPhoneSimulator
		{63C27A91-BA6E-41AD-BA07-5AE9B97E6C0D}.Debug|iPhoneSimulator.Build.0 = Debug|iPhoneSimulator
		{63C27A91-BA6E-41AD-BA07-5AE9B97E6C0D}.Debug|x64.ActiveCfg = Debug|iPhone
		{63C27A91-BA6E-41AD-BA07-5AE9B97E6C0D}.Debug|x86.ActiveCfg = Debug|iPhone
		{63C27A91-BA6E-41AD-BA07-5AE9B97E6C0D}.Release|Any CPU.ActiveCfg = Release|iPhone
		{63C27A91-BA6E-41AD-BA07-5AE9B97E6C0D}.Release|ARM.ActiveCfg = Release|iPhone
		{63C27A91-BA6E-41AD-BA07-5AE9B97E6C0D}.Release|iPhone.ActiveCfg = Release|iPhone
		{63C27A91-BA6E-41AD-BA07-5AE9B97E6C0D}.Release|iPhone.Build.0 = Release|iPhone
		{63C27A91-BA6E-41AD-BA07-5AE9B97E6C0D}.Release|iPhoneSimulator.ActiveCfg = Release|iPhoneSimulator
		{63C27A91-BA6E-41AD-BA07-5AE9B97E6C0D}.Release|iPhoneSimulator.Build.0 = Release|iPhoneSimulator
		{63C27A91-BA6E-41AD-BA07-5AE9B97E6C0D}.Release|x64.ActiveCfg = Release|iPhone
		{63C27A91-BA6E-41AD-BA07-5AE9B97E6C0D}.Release|x86.ActiveCfg = Release|iPhone
		{C56A97B4-15A8-4C01-8E4F-ADCE0283D839}.Ad-Hoc|Any CPU.ActiveCfg = Release|x86
		{C56A97B4-15A8-4C01-8E4F-ADCE0283D839}.Ad-Hoc|Any CPU.Build.0 = Release|x86
		{C56A97B4-15A8-4C01-8E4F-ADCE0283D839}.Ad-Hoc|Any CPU.Deploy.0 = Release|x86
		{C56A97B4-15A8-4C01-8E4F-ADCE0283D839}.Ad-Hoc|ARM.ActiveCfg = Release|ARM
		{C56A97B4-15A8-4C01-8E4F-ADCE0283D839}.Ad-Hoc|ARM.Build.0 = Release|ARM
		{C56A97B4-15A8-4C01-8E4F-ADCE0283D839}.Ad-Hoc|ARM.Deploy.0 = Release|ARM
		{C56A97B4-15A8-4C01-8E4F-ADCE0283D839}.Ad-Hoc|iPhone.ActiveCfg = Release|x86
		{C56A97B4-15A8-4C01-8E4F-ADCE0283D839}.Ad-Hoc|iPhone.Build.0 = Release|x86
		{C56A97B4-15A8-4C01-8E4F-ADCE0283D839}.Ad-Hoc|iPhone.Deploy.0 = Release|x86
		{C56A97B4-15A8-4C01-8E4F-ADCE0283D839}.Ad-Hoc|iPhoneSimulator.ActiveCfg = Release|x86
		{C56A97B4-15A8-4C01-8E4F-ADCE0283D839}.Ad-Hoc|iPhoneSimulator.Build.0 = Release|x86
		{C56A97B4-15A8-4C01-8E4F-ADCE0283D839}.Ad-Hoc|iPhoneSimulator.Deploy.0 = Release|x86
		{C56A97B4-15A8-4C01-8E4F-ADCE0283D839}.Ad-Hoc|x64.ActiveCfg = Release|x64
		{C56A97B4-15A8-4C01-8E4F-ADCE0283D839}.Ad-Hoc|x64.Build.0 = Release|x64
		{C56A97B4-15A8-4C01-8E4F-ADCE0283D839}.Ad-Hoc|x64.Deploy.0 = Release|x64
		{C56A97B4-15A8-4C01-8E4F-ADCE0283D839}.Ad-Hoc|x86.ActiveCfg = Release|x86
		{C56A97B4-15A8-4C01-8E4F-ADCE0283D839}.Ad-Hoc|x86.Build.0 = Release|x86
		{C56A97B4-15A8-4C01-8E4F-ADCE0283D839}.Ad-Hoc|x86.Deploy.0 = Release|x86
		{C56A97B4-15A8-4C01-8E4F-ADCE0283D839}.AppStore|Any CPU.ActiveCfg = Release|x86
		{C56A97B4-15A8-4C01-8E4F-ADCE0283D839}.AppStore|Any CPU.Build.0 = Release|x86
		{C56A97B4-15A8-4C01-8E4F-ADCE0283D839}.AppStore|Any CPU.Deploy.0 = Release|x86
		{C56A97B4-15A8-4C01-8E4F-ADCE0283D839}.AppStore|ARM.ActiveCfg = Release|ARM
		{C56A97B4-15A8-4C01-8E4F-ADCE0283D839}.AppStore|ARM.Build.0 = Release|ARM
		{C56A97B4-15A8-4C01-8E4F-ADCE0283D839}.AppStore|ARM.Deploy.0 = Release|ARM
		{C56A97B4-15A8-4C01-8E4F-ADCE0283D839}.AppStore|iPhone.ActiveCfg = Release|x86
		{C56A97B4-15A8-4C01-8E4F-ADCE0283D839}.AppStore|iPhone.Build.0 = Release|x86
		{C56A97B4-15A8-4C01-8E4F-ADCE0283D839}.AppStore|iPhone.Deploy.0 = Release|x86
		{C56A97B4-15A8-4C01-8E4F-ADCE0283D839}.AppStore|iPhoneSimulator.ActiveCfg = Release|x86
		{C56A97B4-15A8-4C01-8E4F-ADCE0283D839}.AppStore|iPhoneSimulator.Build.0 = Release|x86
		{C56A97B4-15A8-4C01-8E4F-ADCE0283D839}.AppStore|iPhoneSimulator.Deploy.0 = Release|x86
		{C56A97B4-15A8-4C01-8E4F-ADCE0283D839}.AppStore|x64.ActiveCfg = Release|x64
		{C56A97B4-15A8-4C01-8E4F-ADCE0283D839}.AppStore|x64.Build.0 = Release|x64
		{C56A97B4-15A8-4C01-8E4F-ADCE0283D839}.AppStore|x64.Deploy.0 = Release|x64
		{C56A97B4-15A8-4C01-8E4F-ADCE0283D839}.AppStore|x86.ActiveCfg = Release|x86
		{C56A97B4-15A8-4C01-8E4F-ADCE0283D839}.AppStore|x86.Build.0 = Release|x86
		{C56A97B4-15A8-4C01-8E4F-ADCE0283D839}.AppStore|x86.Deploy.0 = Release|x86
		{C56A97B4-15A8-4C01-8E4F-ADCE0283D839}.Debug|Any CPU.ActiveCfg = Debug|x86
		{C56A97B4-15A8-4C01-8E4F-ADCE0283D839}.Debug|Any CPU.Build.0 = Debug|x86
		{C56A97B4-15A8-4C01-8E4F-ADCE0283D839}.Debug|Any CPU.Deploy.0 = Debug|x86
		{C56A97B4-15A8-4C01-8E4F-ADCE0283D839}.Debug|ARM.ActiveCfg = Debug|ARM
		{C56A97B4-15A8-4C01-8E4F-ADCE0283D839}.Debug|ARM.Build.0 = Debug|ARM
		{C56A97B4-15A8-4C01-8E4F-ADCE0283D839}.Debug|ARM.Deploy.0 = Debug|ARM
		{C56A97B4-15A8-4C01-8E4F-ADCE0283D839}.Debug|iPhone.ActiveCfg = Debug|x86
		{C56A97B4-15A8-4C01-8E4F-ADCE0283D839}.Debug|iPhoneSimulator.ActiveCfg = Debug|x86
		{C56A97B4-15A8-4C01-8E4F-ADCE0283D839}.Debug|x64.ActiveCfg = Debug|x64
		{C56A97B4-15A8-4C01-8E4F-ADCE0283D839}.Debug|x64.Build.0 = Debug|x64
		{C56A97B4-15A8-4C01-8E4F-ADCE0283D839}.Debug|x64.Deploy.0 = Debug|x64
		{C56A97B4-15A8-4C01-8E4F-ADCE0283D839}.Debug|x86.ActiveCfg = Debug|x86
		{C56A97B4-15A8-4C01-8E4F-ADCE0283D839}.Debug|x86.Build.0 = Debug|x86
		{C56A97B4-15A8-4C01-8E4F-ADCE0283D839}.Debug|x86.Deploy.0 = Debug|x86
		{C56A97B4-15A8-4C01-8E4F-ADCE0283D839}.Release|Any CPU.ActiveCfg = Release|x86
		{C56A97B4-15A8-4C01-8E4F-ADCE0283D839}.Release|ARM.ActiveCfg = Release|ARM
		{C56A97B4-15A8-4C01-8E4F-ADCE0283D839}.Release|ARM.Build.0 = Release|ARM
		{C56A97B4-15A8-4C01-8E4F-ADCE0283D839}.Release|ARM.Deploy.0 = Release|ARM
		{C56A97B4-15A8-4C01-8E4F-ADCE0283D839}.Release|iPhone.ActiveCfg = Release|x86
		{C56A97B4-15A8-4C01-8E4F-ADCE0283D839}.Release|iPhoneSimulator.ActiveCfg = Release|x86
		{C56A97B4-15A8-4C01-8E4F-ADCE0283D839}.Release|x64.ActiveCfg = Release|x64
		{C56A97B4-15A8-4C01-8E4F-ADCE0283D839}.Release|x64.Build.0 = Release|x64
		{C56A97B4-15A8-4C01-8E4F-ADCE0283D839}.Release|x64.Deploy.0 = Release|x64
		{C56A97B4-15A8-4C01-8E4F-ADCE0283D839}.Release|x86.ActiveCfg = Release|x86
		{C56A97B4-15A8-4C01-8E4F-ADCE0283D839}.Release|x86.Build.0 = Release|x86
		{C56A97B4-15A8-4C01-8E4F-ADCE0283D839}.Release|x86.Deploy.0 = Release|x86
	EndGlobalSection
	GlobalSection(SolutionProperties) = preSolution
		HideSolutionNode = FALSE
	EndGlobalSection
	GlobalSection(ExtensibilityGlobals) = postSolution
		SolutionGuid = {26492B7B-E6C5-4A09-B872-D5F5B39ECF90}
	EndGlobalSection
EndGlobal
